
Microsoft Visual Studio Solution File, Format Version 12.00
# Visual Studio Version 17
VisualStudioVersion = 17.8.34316.72
MinimumVisualStudioVersion = 10.0.40219.1
Project("{9A19103F-16F7-4668-BE54-9A1E7A4F7556}") = "Servicios-CRM-Replica", "Servicios-CRM-Replica.csproj", "{650C1F91-3618-4539-B260-8E6EA9640C6D}"
EndProject
Global
	GlobalSection(SolutionConfigurationPlatforms) = preSolution
		Debug|Any CPU = Debug|Any CPU
		Release|Any CPU = Release|Any CPU
	EndGlobalSection
	GlobalSection(ProjectConfigurationPlatforms) = postSolution
		{650C1F91-3618-4539-B260-8E6EA9640C6D}.Debug|Any CPU.ActiveCfg = Debug|Any CPU
		{650C1F91-3618-4539-B260-8E6EA9640C6D}.Debug|Any CPU.Build.0 = Debug|Any CPU
		{650C1F91-3618-4539-B260-8E6EA9640C6D}.Release|Any CPU.ActiveCfg = Release|Any CPU
		{650C1F91-3618-4539-B260-8E6EA9640C6D}.Release|Any CPU.Build.0 = Release|Any CPU
	EndGlobalSection
	GlobalSection(SolutionProperties) = preSolution
		HideSolutionNode = FALSE
	EndGlobalSection
	GlobalSection(ExtensibilityGlobals) = postSolution
		SolutionGuid = {B8EEB267-4C34-4556-9CF1-924B9CED2812}
	EndGlobalSection
EndGlobal
